
Microsoft Visual Studio Solution File, Format Version 12.00
# Visual Studio Version 16
VisualStudioVersion = 16.0.29926.136
MinimumVisualStudioVersion = 10.0.40219.1
Project("{FAE04EC0-301F-11D3-BF4B-00C04F79EFBC}") = "AAS", "AAS\AAS.csproj", "{167501D8-0C4D-498F-BFF0-C7429DF116CA}"
EndProject
Global
	GlobalSection(SolutionConfigurationPlatforms) = preSolution
		Debug|Any CPU = Debug|Any CPU
		Release|Any CPU = Release|Any CPU
	EndGlobalSection
	GlobalSection(ProjectConfigurationPlatforms) = postSolution
		{167501D8-0C4D-498F-BFF0-C7429DF116CA}.Debug|Any CPU.ActiveCfg = Debug|Any CPU
		{167501D8-0C4D-498F-BFF0-C7429DF116CA}.Debug|Any CPU.Build.0 = Debug|Any CPU
		{167501D8-0C4D-498F-BFF0-C7429DF116CA}.Release|Any CPU.ActiveCfg = Release|Any CPU
		{167501D8-0C4D-498F-BFF0-C7429DF116CA}.Release|Any CPU.Build.0 = Release|Any CPU
	EndGlobalSection
	GlobalSection(SolutionProperties) = preSolution
		HideSolutionNode = FALSE
	EndGlobalSection
	GlobalSection(ExtensibilityGlobals) = postSolution
		SolutionGuid = {BADB359D-C793-46EE-BD40-9B99F6212B8F}
	EndGlobalSection
EndGlobal
